{
  "nodes": {
    "flake-utils": {
      "locked": {
        "lastModified": 1634851050,
        "narHash": "sha256-N83GlSGPJJdcqhUxSCS/WwW5pksYf3VP1M13cDRTSVA=",
        "owner": "numtide",
        "repo": "flake-utils",
        "rev": "c91f3de5adaf1de973b797ef7485e441a65b8935",
        "type": "github"
      },
      "original": {
        "owner": "numtide",
        "repo": "flake-utils",
        "type": "github"
      }
    },
    "gitignore-nix": {
      "inputs": {
        "nixpkgs": "nixpkgs"
      },
      "locked": {
        "lastModified": 1635165013,
        "narHash": "sha256-o/BdVjNwcB6jOmzZjOH703BesSkkS5O7ej3xhyO8hAY=",
        "owner": "hercules-ci",
        "repo": "gitignore.nix",
        "rev": "5b9e0ff9d3b551234b4f3eb3983744fa354b17f1",
        "type": "github"
      },
      "original": {
        "owner": "hercules-ci",
        "repo": "gitignore.nix",
        "type": "github"
      }
    },
    "nixpkgs": {
      "locked": {
        "lastModified": 1632846328,
        "narHash": "sha256-sFi6YtlGK30TBB9o6CW7LG9mYHkgtKeWbSLAjjrNTX0=",
        "owner": "NixOS",
        "repo": "nixpkgs",
        "rev": "2b71ddd869ad592510553d09fe89c9709fa26b2b",
        "type": "github"
      },
      "original": {
        "id": "nixpkgs",
        "type": "indirect"
      }
    },
    "nixpkgs_2": {
      "locked": {
        "lastModified": 1635295995,
        "narHash": "sha256-sGYiXjFlxTTMNb4NSkgvX+knOOTipE6gqwPUQpxNF+c=",
        "owner": "NixOS",
        "repo": "nixpkgs",
        "rev": "22a500a3f87bbce73bd8d777ef920b43a636f018",
        "type": "github"
      },
      "original": {
        "owner": "NixOS",
        "ref": "nixpkgs-unstable",
        "repo": "nixpkgs",
        "type": "github"
      }
    },
    "npmlock2nix": {
      "flake": false,
      "locked": {
        "lastModified": 1631558099,
        "narHash": "sha256-xguvgtrIQHPxpc4J6EhfBnYtQDGJpt6hK1dN7KEi8R4=",
        "owner": "tweag",
        "repo": "npmlock2nix",
        "rev": "33eb3300561d724da64a46ab8e9a05a9cfa9264b",
        "type": "github"
      },
      "original": {
        "owner": "tweag",
        "repo": "npmlock2nix",
        "type": "github"
      }
    },
    "plutus-apps": {
      "flake": false,
      "locked": {
        "lastModified": 1640364395,
        "narHash": "sha256-q+neKzIYSzccmYl/u+hj6rsuKWTEEVGu8+mIqw8Rf7M=",
        "owner": "input-output-hk",
        "repo": "plutus-apps",
        "rev": "57d10773c793fbdb7dc623c5923ef0c07a70c957",
        "type": "github"
      },
      "original": {
        "owner": "input-output-hk",
        "repo": "plutus-apps",
        "type": "github"
      }
    },
    "root": {
      "inputs": {
        "flake-utils": "flake-utils",
        "gitignore-nix": "gitignore-nix",
        "nixpkgs": "nixpkgs_2",
        "npmlock2nix": "npmlock2nix",
        "plutus-apps": "plutus-apps"
      }
    }
  },
  "root": "root",
  "version": 7
}
